
Microsoft Visual Studio Solution File, Format Version 12.00
# Visual Studio Version 16
VisualStudioVersion = 25.0.1706.14
MinimumVisualStudioVersion = 10.0.40219.1
Project("{FAE04EC0-301F-11D3-BF4B-00C04F79EFBC}") = "StocksApi", "StocksApi\StocksApi.csproj", "{AA6A05BD-85BE-431C-8A8C-DE0E260B9052}"
EndProject
Global
	GlobalSection(SolutionConfigurationPlatforms) = preSolution
		Debug|Any CPU = Debug|Any CPU
		Release|Any CPU = Release|Any CPU
	EndGlobalSection
	GlobalSection(ProjectConfigurationPlatforms) = postSolution
		{AA6A05BD-85BE-431C-8A8C-DE0E260B9052}.Debug|Any CPU.ActiveCfg = Debug|Any CPU
		{AA6A05BD-85BE-431C-8A8C-DE0E260B9052}.Debug|Any CPU.Build.0 = Debug|Any CPU
		{AA6A05BD-85BE-431C-8A8C-DE0E260B9052}.Release|Any CPU.ActiveCfg = Release|Any CPU
		{AA6A05BD-85BE-431C-8A8C-DE0E260B9052}.Release|Any CPU.Build.0 = Release|Any CPU
	EndGlobalSection
	GlobalSection(SolutionProperties) = preSolution
		HideSolutionNode = FALSE
	EndGlobalSection
	GlobalSection(ExtensibilityGlobals) = postSolution
		SolutionGuid = {4A979239-D533-4849-8846-65395078E8D5}
	EndGlobalSection
EndGlobal
